
Microsoft Visual Studio Solution File, Format Version 12.00
# Visual Studio Version 17
VisualStudioVersion = 17.1.32319.34
MinimumVisualStudioVersion = 10.0.40219.1
Project("{FAE04EC0-301F-11D3-BF4B-00C04F79EFBC}") = "PrintScreen", "PrintScreen\PrintScreen.csproj", "{B152AE6C-6758-4924-B422-B7F2D1879964}"
EndProject
Global
	GlobalSection(SolutionConfigurationPlatforms) = preSolution
		Debug|Any CPU = Debug|Any CPU
		Release|Any CPU = Release|Any CPU
	EndGlobalSection
	GlobalSection(ProjectConfigurationPlatforms) = postSolution
		{B152AE6C-6758-4924-B422-B7F2D1879964}.Debug|Any CPU.ActiveCfg = Debug|Any CPU
		{B152AE6C-6758-4924-B422-B7F2D1879964}.Debug|Any CPU.Build.0 = Debug|Any CPU
		{B152AE6C-6758-4924-B422-B7F2D1879964}.Release|Any CPU.ActiveCfg = Release|Any CPU
		{B152AE6C-6758-4924-B422-B7F2D1879964}.Release|Any CPU.Build.0 = Release|Any CPU
	EndGlobalSection
	GlobalSection(SolutionProperties) = preSolution
		HideSolutionNode = FALSE
	EndGlobalSection
	GlobalSection(ExtensibilityGlobals) = postSolution
		SolutionGuid = {4A288FA0-B820-4200-9AA7-643655DA8993}
	EndGlobalSection
EndGlobal
