
Microsoft Visual Studio Solution File, Format Version 12.00
# Visual Studio Version 16
VisualStudioVersion = 16.0.30907.101
MinimumVisualStudioVersion = 10.0.40219.1
Project("{FAE04EC0-301F-11D3-BF4B-00C04F79EFBC}") = "GameplayCapture", "GameplayCapture\GameplayCapture.csproj", "{EC259262-5510-41A4-A98F-720E117B37C0}"
EndProject
Global
	GlobalSection(SolutionConfigurationPlatforms) = preSolution
		Debug|Any CPU = Debug|Any CPU
		Release|Any CPU = Release|Any CPU
	EndGlobalSection
	GlobalSection(ProjectConfigurationPlatforms) = postSolution
		{EC259262-5510-41A4-A98F-720E117B37C0}.Debug|Any CPU.ActiveCfg = Debug|Any CPU
		{EC259262-5510-41A4-A98F-720E117B37C0}.Debug|Any CPU.Build.0 = Debug|Any CPU
		{EC259262-5510-41A4-A98F-720E117B37C0}.Release|Any CPU.ActiveCfg = Release|Any CPU
		{EC259262-5510-41A4-A98F-720E117B37C0}.Release|Any CPU.Build.0 = Release|Any CPU
	EndGlobalSection
	GlobalSection(SolutionProperties) = preSolution
		HideSolutionNode = FALSE
	EndGlobalSection
	GlobalSection(ExtensibilityGlobals) = postSolution
		SolutionGuid = {59904029-C863-453A-B111-E001906599B1}
	EndGlobalSection
EndGlobal
